# THIS IS AN AUTOGENERATED FILE. DO NOT EDIT THIS FILE DIRECTLY.
# yarn lockfile v1


"@types/qs@^6.9.17":
  version "6.9.17"
  resolved "https://registry.npmjs.org/@types/qs/-/qs-6.9.17.tgz"
  integrity sha512-rX4/bPcfmvxHDv0XjfJELTTr+iB+tn032nPILqHm5wbthUUUuVtNGGqzhya9XUxjTP8Fpr0qYgSZZKxGY++svQ==

call-bind-apply-helpers@^1.0.0, call-bind-apply-helpers@^1.0.1:
  version "1.0.1"
  resolved "https://registry.npmjs.org/call-bind-apply-helpers/-/call-bind-apply-helpers-1.0.1.tgz"
  integrity sha512-BhYE+WDaywFg2TBWYNXAE+8B1ATnThNBqXHP5nQu0jWJdVvY2hvkpyB3qOmtmDePiS5/BDQ8wASEWGMWRG148g==
  dependencies:
    es-errors "^1.3.0"
    function-bind "^1.1.2"

call-bind@^1.0.7, call-bind@^1.0.8:
  version "1.0.8"
  resolved "https://registry.yarnpkg.com/call-bind/-/call-bind-1.0.8.tgz#0736a9660f537e3388826f440d5ec45f744eaa4c"
  integrity sha512-oKlSFMcMwpUg2ednkhQ454wfWiU/ul3CkJe/PEHcTKuiX6RpbehUiFMXu13HalGZxfUwCQzZG747YXBn1im9ww==
  dependencies:
    call-bind-apply-helpers "^1.0.0"
    es-define-property "^1.0.0"
    get-intrinsic "^1.2.4"
    set-function-length "^1.2.2"

call-bound@^1.0.2:
  version "1.0.3"
  resolved "https://registry.npmjs.org/call-bound/-/call-bound-1.0.3.tgz"
  integrity sha512-YTd+6wGlNlPxSuri7Y6X8tY2dmm12UMH66RpKMhiX6rsk5wXXnYgbUcOt8kiS31/AjfoTOvCsE+w8nZQLQnzHA==
  dependencies:
    call-bind-apply-helpers "^1.0.1"
    get-intrinsic "^1.2.6"

deep-equal@^1.0.1:
  version "1.1.2"
  resolved "https://registry.yarnpkg.com/deep-equal/-/deep-equal-1.1.2.tgz#78a561b7830eef3134c7f6f3a3d6af272a678761"
  integrity sha512-5tdhKF6DbU7iIzrIOa1AOUt39ZRm13cmL1cGEh//aqR8x9+tNfbywRf0n5FD/18OKMdo7DNEtrX2t22ZAkI+eg==
  dependencies:
    is-arguments "^1.1.1"
    is-date-object "^1.0.5"
    is-regex "^1.1.4"
    object-is "^1.1.5"
    object-keys "^1.1.1"
    regexp.prototype.flags "^1.5.1"

define-data-property@^1.0.1, define-data-property@^1.1.4:
  version "1.1.4"
  resolved "https://registry.yarnpkg.com/define-data-property/-/define-data-property-1.1.4.tgz#894dc141bb7d3060ae4366f6a0107e68fbe48c5e"
  integrity sha512-rBMvIzlpA8v6E+SJZoo++HAYqsLrkg7MSfIinMPFhmkorw7X+dOXVJQs+QT69zGkzMyfDnIMN2Wid1+NbL3T+A==
  dependencies:
    es-define-property "^1.0.0"
    es-errors "^1.3.0"
    gopd "^1.0.1"

define-properties@^1.2.1:
  version "1.2.1"
  resolved "https://registry.yarnpkg.com/define-properties/-/define-properties-1.2.1.tgz#10781cc616eb951a80a034bafcaa7377f6af2b6c"
  integrity sha512-8QmQKqEASLd5nx0U1B1okLElbUuuttJ/AnYmRXbbbGDWh6uS208EjD4Xqq/I9wK7u0v6O08XhTWnt5XtEbR6Dg==
  dependencies:
    define-data-property "^1.0.1"
    has-property-descriptors "^1.0.0"
    object-keys "^1.1.1"

dom-serializer@0:
  version "0.2.2"
  resolved "https://registry.npmjs.org/dom-serializer/-/dom-serializer-0.2.2.tgz"
  integrity sha512-2/xPb3ORsQ42nHYiSunXkDjPLBaEj/xTwUO4B7XCZQTRk7EBtTOPaygh10YAAh2OI1Qrp6NWfpAhzswj0ydt9g==
  dependencies:
    domelementtype "^2.0.1"
    entities "^2.0.0"

domelementtype@1, domelementtype@^1.3.1:
  version "1.3.1"
  resolved "https://registry.npmjs.org/domelementtype/-/domelementtype-1.3.1.tgz"
  integrity sha512-BSKB+TSpMpFI/HOxCNr1O8aMOTZ8hT3pM3GQ0w/mWRmkhEDSFJkkyzz4XQsBV44BChwGkrDfMyjVD0eA2aFV3w==

domelementtype@^2.0.1:
  version "2.3.0"
  resolved "https://registry.npmjs.org/domelementtype/-/domelementtype-2.3.0.tgz"
  integrity sha512-OLETBj6w0OsagBwdXnPdN0cnMfF9opN69co+7ZrbfPGrdpPVNBUj02spi6B1N7wChLQiPn4CSH/zJvXw56gmHw==

domhandler@^2.3.0:
  version "2.4.2"
  resolved "https://registry.npmjs.org/domhandler/-/domhandler-2.4.2.tgz"
  integrity sha512-JiK04h0Ht5u/80fdLMCEmV4zkNh2BcoMFBmZ/91WtYZ8qVXSKjiw7fXMgFPnHcSZgOo3XdinHvmnDUeMf5R4wA==
  dependencies:
    domelementtype "1"

domutils@^1.5.1:
  version "1.7.0"
  resolved "https://registry.npmjs.org/domutils/-/domutils-1.7.0.tgz"
  integrity sha512-Lgd2XcJ/NjEw+7tFvfKxOzCYKZsdct5lczQ2ZaQY8Djz7pfAD3Gbp8ySJWtreII/vDlMVmxwa6pHmdxIYgttDg==
  dependencies:
    dom-serializer "0"
    domelementtype "1"

dunder-proto@^1.0.0, dunder-proto@^1.0.1:
  version "1.0.1"
  resolved "https://registry.npmjs.org/dunder-proto/-/dunder-proto-1.0.1.tgz"
  integrity sha512-KIN/nDJBQRcXw0MLVhZE9iQHmG68qAVIBg9CqmUYjmQIhgij9U5MFvrqkUL5FbtyyzZuOeOt0zdeRe4UY7ct+A==
  dependencies:
    call-bind-apply-helpers "^1.0.1"
    es-errors "^1.3.0"
    gopd "^1.2.0"

entities@^1.1.1:
  version "1.1.2"
  resolved "https://registry.npmjs.org/entities/-/entities-1.1.2.tgz"
  integrity sha512-f2LZMYl1Fzu7YSBKg+RoROelpOaNrcGmE9AZubeDfrCEia483oW4MI4VyFd5VNHIgQ/7qm1I0wUHK1eJnn2y2w==

entities@^2.0.0:
  version "2.2.0"
  resolved "https://registry.npmjs.org/entities/-/entities-2.2.0.tgz"
  integrity sha512-p92if5Nz619I0w+akJrLZH0MX0Pb5DX39XOwQTtXSdQQOaYH03S1uIQp4mhOZtAXrxq4ViO67YTiLBo2638o9A==

es-define-property@^1.0.0, es-define-property@^1.0.1:
  version "1.0.1"
  resolved "https://registry.npmjs.org/es-define-property/-/es-define-property-1.0.1.tgz"
  integrity sha512-e3nRfgfUZ4rNGL232gUgX06QNyyez04KdjFrF+LTRoOXmrOgFKDg4BCdsjW8EnT69eqdYGmRpJwiPVYNrCaW3g==

es-errors@^1.3.0:
  version "1.3.0"
  resolved "https://registry.npmjs.org/es-errors/-/es-errors-1.3.0.tgz"
  integrity sha512-Zf5H2Kxt2xjTvbJvP2ZWLEICxA6j+hAmMzIlypy4xcBg1vKVnx89Wy0GbS+kf5cwCVFFzdCFh2XSCFNULS6csw==

es-object-atoms@^1.0.0:
  version "1.0.0"
  resolved "https://registry.npmjs.org/es-object-atoms/-/es-object-atoms-1.0.0.tgz"
  integrity sha512-MZ4iQ6JwHOBQjahnjwaC1ZtIBH+2ohjamzAO3oaHcXYup7qxjF2fixyH+Q71voWHeOkI2q/TnJao/KfXYIZWbw==
  dependencies:
    es-errors "^1.3.0"

flat@^2.0.1:
  version "2.0.2"
  resolved "https://registry.yarnpkg.com/flat/-/flat-2.0.2.tgz#d631430678b023a2f9bc10a23ac4ffad7e16b0f2"
  integrity sha512-b/cdFAr468cVs8XoG62dbGf9YegchdgEPX6sP7rppE0a4+RZF19kseTiDKGA1rIr3hOvOD0QIlSmaFlOlT0gfA==
  dependencies:
    is-buffer "~1.1.2"

function-bind@^1.1.2:
  version "1.1.2"
  resolved "https://registry.npmjs.org/function-bind/-/function-bind-1.1.2.tgz"
  integrity sha512-7XHNxH7qX9xG5mIwxkhumTox/MIRNcOgDrxWsMt2pAr23WHp6MrRlN7FBSFpCpr+oVO0F744iUgR82nJMfG2SA==

functions-have-names@^1.2.3:
  version "1.2.3"
  resolved "https://registry.yarnpkg.com/functions-have-names/-/functions-have-names-1.2.3.tgz#0404fe4ee2ba2f607f0e0ec3c80bae994133b834"
  integrity sha512-xckBUXyTIqT97tq2x2AMb+g163b5JFysYk0x4qxNFwbfQkmNZoiRHb6sPzI9/QV33WeuvVYBUIiD4NzNIyqaRQ==

get-intrinsic@^1.2.4:
  version "1.2.7"
  resolved "https://registry.yarnpkg.com/get-intrinsic/-/get-intrinsic-1.2.7.tgz#dcfcb33d3272e15f445d15124bc0a216189b9044"
  integrity sha512-VW6Pxhsrk0KAOqs3WEd0klDiF/+V7gQOpAvY1jVU/LHmaD/kQO4523aiJuikX/QAKYiW6x8Jh+RJej1almdtCA==
  dependencies:
    call-bind-apply-helpers "^1.0.1"
    es-define-property "^1.0.1"
    es-errors "^1.3.0"
    es-object-atoms "^1.0.0"
    function-bind "^1.1.2"
    get-proto "^1.0.0"
    gopd "^1.2.0"
    has-symbols "^1.1.0"
    hasown "^2.0.2"
    math-intrinsics "^1.1.0"

get-intrinsic@^1.2.5, get-intrinsic@^1.2.6:
  version "1.2.6"
  resolved "https://registry.npmjs.org/get-intrinsic/-/get-intrinsic-1.2.6.tgz"
  integrity sha512-qxsEs+9A+u85HhllWJJFicJfPDhRmjzoYdl64aMWW9yRIJmSyxdn8IEkuIM530/7T+lv0TIHd8L6Q/ra0tEoeA==
  dependencies:
    call-bind-apply-helpers "^1.0.1"
    dunder-proto "^1.0.0"
    es-define-property "^1.0.1"
    es-errors "^1.3.0"
    es-object-atoms "^1.0.0"
    function-bind "^1.1.2"
    gopd "^1.2.0"
    has-symbols "^1.1.0"
    hasown "^2.0.2"
    math-intrinsics "^1.0.0"

get-proto@^1.0.0, get-proto@^1.0.1:
  version "1.0.1"
  resolved "https://registry.yarnpkg.com/get-proto/-/get-proto-1.0.1.tgz#150b3f2743869ef3e851ec0c49d15b1d14d00ee1"
  integrity sha512-sTSfBjoXBp89JvIKIefqw7U2CCebsc74kiY6awiGogKtoSGbgjYE/G/+l9sF3MWFPNc9IcoOC4ODfKHfxFmp0g==
  dependencies:
    dunder-proto "^1.0.1"
    es-object-atoms "^1.0.0"

gopd@^1.0.1, gopd@^1.2.0:
  version "1.2.0"
  resolved "https://registry.npmjs.org/gopd/-/gopd-1.2.0.tgz"
  integrity sha512-ZUKRh6/kUFoAiTAtTYPZJ3hw9wNxx+BIBOijnlG9PnrJsCcSjs1wyyD6vJpaYtgnzDrKYRSqf3OO6Rfa93xsRg==

has-property-descriptors@^1.0.0, has-property-descriptors@^1.0.2:
  version "1.0.2"
  resolved "https://registry.yarnpkg.com/has-property-descriptors/-/has-property-descriptors-1.0.2.tgz#963ed7d071dc7bf5f084c5bfbe0d1b6222586854"
  integrity sha512-55JNKuIW+vq4Ke1BjOTjM2YctQIvCT7GFzHwmfZPGo5wnrgkid0YQtnAleFSqumZm4az3n2BS+erby5ipJdgrg==
  dependencies:
    es-define-property "^1.0.0"

has-symbols@^1.0.3, has-symbols@^1.1.0:
  version "1.1.0"
  resolved "https://registry.npmjs.org/has-symbols/-/has-symbols-1.1.0.tgz"
  integrity sha512-1cDNdwJ2Jaohmb3sg4OmKaMBwuC48sYni5HUw2DvsC8LjGTLK9h+eb1X6RyuOHe4hT0ULCW68iomhjUoKUqlPQ==

has-tostringtag@^1.0.2:
  version "1.0.2"
  resolved "https://registry.yarnpkg.com/has-tostringtag/-/has-tostringtag-1.0.2.tgz#2cdc42d40bef2e5b4eeab7c01a73c54ce7ab5abc"
  integrity sha512-NqADB8VjPFLM2V0VvHUewwwsw0ZWBaIdgo+ieHtK3hasLz4qeCRjYcqfB6AQrBggRKppKF8L52/VqdVsO47Dlw==
  dependencies:
    has-symbols "^1.0.3"

hasown@^2.0.2:
  version "2.0.2"
  resolved "https://registry.npmjs.org/hasown/-/hasown-2.0.2.tgz"
  integrity sha512-0hJU9SCPvmMzIBdZFqNPXWa6dqh7WdH0cII9y+CyS8rG3nL48Bclra9HmKhVVUHyPWNH5Y7xDwAB7bfgSjkUMQ==
  dependencies:
    function-bind "^1.1.2"

htmlparser2@^3.9.0:
  version "3.10.1"
  resolved "https://registry.npmjs.org/htmlparser2/-/htmlparser2-3.10.1.tgz"
  integrity sha512-IgieNijUMbkDovyoKObU1DUhm1iwNYE/fuifEoEHfd1oZKZDaONBSkal7Y01shxsM49R4XaMdGez3WnF9UfiCQ==
  dependencies:
    domelementtype "^1.3.1"
    domhandler "^2.3.0"
    domutils "^1.5.1"
    entities "^1.1.1"
    inherits "^2.0.1"
    readable-stream "^3.1.1"

inherits@^2.0.1, inherits@^2.0.3:
  version "2.0.4"
  resolved "https://registry.npmjs.org/inherits/-/inherits-2.0.4.tgz"
  integrity sha512-k/vGaX4/Yla3WzyMCvTQOXYeIHvqOKtnqBduzTHpzpQZzAskKMhZ2K+EnBiSM9zGSoIFeMpXKxa4dYeZIQqewQ==

install@^0.10.0:
  version "0.10.4"
  resolved "https://registry.yarnpkg.com/install/-/install-0.10.4.tgz#9cb09115768b93a582d1450a6ba3f275975b49aa"
  integrity sha512-+IRyOastuPmLVx9zlVXJoKErSqz1Ma5at9A7S8yfsj3W+Kg95faPoh3bPDtMrZ/grz4PRmXzrswmlzfLlYyLOw==

is-arguments@^1.1.1:
  version "1.2.0"
  resolved "https://registry.yarnpkg.com/is-arguments/-/is-arguments-1.2.0.tgz#ad58c6aecf563b78ef2bf04df540da8f5d7d8e1b"
  integrity sha512-7bVbi0huj/wrIAOzb8U1aszg9kdi3KN/CyU19CTI7tAoZYEZoL9yCDXpbXN+uPsuWnP02cyug1gleqq+TU+YCA==
  dependencies:
    call-bound "^1.0.2"
    has-tostringtag "^1.0.2"

is-buffer@~1.1.2:
  version "1.1.6"
  resolved "https://registry.yarnpkg.com/is-buffer/-/is-buffer-1.1.6.tgz#efaa2ea9daa0d7ab2ea13a97b2b8ad51fefbe8be"
  integrity sha512-NcdALwpXkTm5Zvvbk7owOUSvVvBKDgKP5/ewfXEznmQFfs4ZRmanOeKBTjRVjka3QFoN6XJ+9F3USqfHqTaU5w==

is-date-object@^1.0.5:
  version "1.1.0"
  resolved "https://registry.yarnpkg.com/is-date-object/-/is-date-object-1.1.0.tgz#ad85541996fc7aa8b2729701d27b7319f95d82f7"
  integrity sha512-PwwhEakHVKTdRNVOw+/Gyh0+MzlCl4R6qKvkhuvLtPMggI1WAHt9sOwZxQLSGpUaDnrdyDsomoRgNnCfKNSXXg==
  dependencies:
    call-bound "^1.0.2"
    has-tostringtag "^1.0.2"

is-regex@^1.1.4:
  version "1.2.1"
  resolved "https://registry.yarnpkg.com/is-regex/-/is-regex-1.2.1.tgz#76d70a3ed10ef9be48eb577887d74205bf0cad22"
  integrity sha512-MjYsKHO5O7mCsmRGxWcLWheFqN9DJ/2TmngvjKXihe6efViPqc274+Fx/4fYj/r03+ESvBdTXK0V6tA3rgez1g==
  dependencies:
    call-bound "^1.0.2"
    gopd "^1.2.0"
    has-tostringtag "^1.0.2"
    hasown "^2.0.2"

"js-function-reflector@git+https://github.com/leonardiwagner/js-function-reflector.git":
  version "1.3.0"
  resolved "git+https://github.com/leonardiwagner/js-function-reflector.git#f3a1295909cf870bbb7bb136ca53796fc3e87c17"

math-intrinsics@^1.0.0, math-intrinsics@^1.1.0:
  version "1.1.0"
  resolved "https://registry.npmjs.org/math-intrinsics/-/math-intrinsics-1.1.0.tgz"
  integrity sha512-/IXtbwEk5HTPyEwyKX6hGkYXxM9nbj64B+ilVJnC/R6B0pH5G4V3b0pVbL7DBj4tkhBAppbQUlf6F6Xl9LHu1g==

object-inspect@^1.13.3:
  version "1.13.3"
  resolved "https://registry.npmjs.org/object-inspect/-/object-inspect-1.13.3.tgz"
  integrity sha512-kDCGIbxkDSXE3euJZZXzc6to7fCrKHNI/hSRQnRuQ+BWjFNzZwiFF8fj/6o2t2G9/jTj8PSIYTfCLelLZEeRpA==

object-is@^1.1.5:
  version "1.1.6"
  resolved "https://registry.yarnpkg.com/object-is/-/object-is-1.1.6.tgz#1a6a53aed2dd8f7e6775ff870bea58545956ab07"
  integrity sha512-F8cZ+KfGlSGi09lJT7/Nd6KJZ9ygtvYC0/UYYLI9nmQKLMnydpB9yvbv9K1uSkEu7FU9vYPmVwLg328tX+ot3Q==
  dependencies:
    call-bind "^1.0.7"
    define-properties "^1.2.1"

object-keys@^1.1.1:
  version "1.1.1"
  resolved "https://registry.yarnpkg.com/object-keys/-/object-keys-1.1.1.tgz#1c47f272df277f3b1daf061677d9c82e2322c60e"
  integrity sha512-NuAESUOUMrlIXOfHKzD6bpPu3tYt3xvjNdRIQ+FeT0lNb4K8WR70CaDxhuNguS2XG+GjkyMwOzsN5ZktImfhLA==

qs@^6.13.1:
  version "6.13.1"
  resolved "https://registry.npmjs.org/qs/-/qs-6.13.1.tgz"
  integrity sha512-EJPeIn0CYrGu+hli1xilKAPXODtJ12T0sP63Ijx2/khC2JtuaN3JyNIpvmnkmaEtha9ocbG4A4cMcr+TvqvwQg==
  dependencies:
    side-channel "^1.0.6"

react-html-parser@^2.0.2:
  version "2.0.2"
  resolved "https://registry.npmjs.org/react-html-parser/-/react-html-parser-2.0.2.tgz"
  integrity sha512-XeerLwCVjTs3njZcgCOeDUqLgNIt/t+6Jgi5/qPsO/krUWl76kWKXMeVs2LhY2gwM6X378DkhLjur0zUQdpz0g==
  dependencies:
    htmlparser2 "^3.9.0"

readable-stream@^3.1.1:
  version "3.6.2"
  resolved "https://registry.npmjs.org/readable-stream/-/readable-stream-3.6.2.tgz"
  integrity sha512-9u/sniCrY3D5WdsERHzHE4G2YCXqoG5FTHUiCC4SIbr6XcLZBY05ya9EKjYek9O5xOAwjGq+1JdGBAS7Q9ScoA==
  dependencies:
    inherits "^2.0.3"
    string_decoder "^1.1.1"
    util-deprecate "^1.0.1"

regexp.prototype.flags@^1.5.1:
  version "1.5.4"
  resolved "https://registry.yarnpkg.com/regexp.prototype.flags/-/regexp.prototype.flags-1.5.4.tgz#1ad6c62d44a259007e55b3970e00f746efbcaa19"
  integrity sha512-dYqgNSZbDwkaJ2ceRd9ojCGjBq+mOm9LmtXnAnEGyHhN/5R7iDW2TRw3h+o/jCFxus3P2LfWIIiwowAjANm7IA==
  dependencies:
    call-bind "^1.0.8"
    define-properties "^1.2.1"
    es-errors "^1.3.0"
    get-proto "^1.0.1"
    gopd "^1.2.0"
    set-function-name "^2.0.2"

safe-buffer@~5.2.0:
  version "5.2.1"
  resolved "https://registry.npmjs.org/safe-buffer/-/safe-buffer-5.2.1.tgz"
  integrity sha512-rp3So07KcdmmKbGvgaNxQSJr7bGVSVk5S9Eq1F+ppbRo70+YeaDxkw5Dd8NPN+GD6bjnYm2VuPuCXmpuYvmCXQ==

set-function-length@^1.2.2:
  version "1.2.2"
  resolved "https://registry.yarnpkg.com/set-function-length/-/set-function-length-1.2.2.tgz#aac72314198eaed975cf77b2c3b6b880695e5449"
  integrity sha512-pgRc4hJ4/sNjWCSS9AmnS40x3bNMDTknHgL5UaMBTMyJnU90EgWh1Rz+MC9eFu4BuN/UwZjKQuY/1v3rM7HMfg==
  dependencies:
    define-data-property "^1.1.4"
    es-errors "^1.3.0"
    function-bind "^1.1.2"
    get-intrinsic "^1.2.4"
    gopd "^1.0.1"
    has-property-descriptors "^1.0.2"

set-function-name@^2.0.2:
  version "2.0.2"
  resolved "https://registry.yarnpkg.com/set-function-name/-/set-function-name-2.0.2.tgz#16a705c5a0dc2f5e638ca96d8a8cd4e1c2b90985"
  integrity sha512-7PGFlmtwsEADb0WYyvCMa1t+yke6daIG4Wirafur5kcf+MhUnPms1UeR0CKQdTZD81yESwMHbtn+TR+dMviakQ==
  dependencies:
    define-data-property "^1.1.4"
    es-errors "^1.3.0"
    functions-have-names "^1.2.3"
    has-property-descriptors "^1.0.2"

side-channel-list@^1.0.0:
  version "1.0.0"
  resolved "https://registry.npmjs.org/side-channel-list/-/side-channel-list-1.0.0.tgz"
  integrity sha512-FCLHtRD/gnpCiCHEiJLOwdmFP+wzCmDEkc9y7NsYxeF4u7Btsn1ZuwgwJGxImImHicJArLP4R0yX4c2KCrMrTA==
  dependencies:
    es-errors "^1.3.0"
    object-inspect "^1.13.3"

side-channel-map@^1.0.1:
  version "1.0.1"
  resolved "https://registry.npmjs.org/side-channel-map/-/side-channel-map-1.0.1.tgz"
  integrity sha512-VCjCNfgMsby3tTdo02nbjtM/ewra6jPHmpThenkTYh8pG9ucZ/1P8So4u4FGBek/BjpOVsDCMoLA/iuBKIFXRA==
  dependencies:
    call-bound "^1.0.2"
    es-errors "^1.3.0"
    get-intrinsic "^1.2.5"
    object-inspect "^1.13.3"

side-channel-weakmap@^1.0.2:
  version "1.0.2"
  resolved "https://registry.npmjs.org/side-channel-weakmap/-/side-channel-weakmap-1.0.2.tgz"
  integrity sha512-WPS/HvHQTYnHisLo9McqBHOJk2FkHO/tlpvldyrnem4aeQp4hai3gythswg6p01oSoTl58rcpiFAjF2br2Ak2A==
  dependencies:
    call-bound "^1.0.2"
    es-errors "^1.3.0"
    get-intrinsic "^1.2.5"
    object-inspect "^1.13.3"
    side-channel-map "^1.0.1"

side-channel@^1.0.6:
  version "1.1.0"
  resolved "https://registry.npmjs.org/side-channel/-/side-channel-1.1.0.tgz"
  integrity sha512-ZX99e6tRweoUXqR+VBrslhda51Nh5MTQwou5tnUDgbtyM0dBgmhEDtWGP/xbKn6hqfPRHujUNwz5fy/wbbhnpw==
  dependencies:
    es-errors "^1.3.0"
    object-inspect "^1.13.3"
    side-channel-list "^1.0.0"
    side-channel-map "^1.0.1"
    side-channel-weakmap "^1.0.2"

string_decoder@^1.1.1:
  version "1.3.0"
  resolved "https://registry.npmjs.org/string_decoder/-/string_decoder-1.3.0.tgz"
  integrity sha512-hkRX8U1WjJFd8LsDJ2yQ/wWWxaopEsABU1XfkM8A+j0+85JAGppt16cr1Whg6KIbb4okU6Mql6BOj+uup/wKeA==
  dependencies:
    safe-buffer "~5.2.0"

util-deprecate@^1.0.1:
  version "1.0.2"
  resolved "https://registry.npmjs.org/util-deprecate/-/util-deprecate-1.0.2.tgz"
  integrity sha512-EPD5q1uXyFxJpCrLnCc1nHnq3gOa6DZBocAIiI2TaSCA7VCJ1UJDMagCzIkXNsUYfD1daK//LTEQ8xiIbrHtcw==

z@^1.0.9:
  version "1.0.9"
  resolved "https://registry.yarnpkg.com/z/-/z-1.0.9.tgz#392e0603b42d6b2d6e6a23cfea05e34b3ee4111f"
  integrity sha512-Vocq47YR4WoT+4wu80VsJwKi0Y92R20Vqq7AxghN9KFIa4J4CUae1uKnwtv4w33QvjnKjb/7rWHRC93TFQc0jA==
  dependencies:
    deep-equal "^1.0.1"
    flat "^2.0.1"
    install "^0.10.0"
    js-function-reflector "git+https://github.com/leonardiwagner/js-function-reflector.git"

zod@^3.24.1:
  version "3.24.1"
  resolved "https://registry.yarnpkg.com/zod/-/zod-3.24.1.tgz#27445c912738c8ad1e9de1bea0359fa44d9d35ee"
  integrity sha512-muH7gBL9sI1nciMZV67X5fTKKBLtwpZ5VBp1vsOQzj1MhrBZ4wlVCm3gedKZWLp0Oyel8sIGfeiz54Su+OVT+A==
